// !$*UTF8*$!
{
	archiveVersion = 1;
	classes = {
	};
	objectVersion = 56;
	objects = {

/* Begin PBXBuildFile section */
		CE03A82F2C4CB5F200BB5BEE /* WelcomePage.swift in Sources */ = {isa = PBXBuildFile; fileRef = CE03A82E2C4CB5F200BB5BEE /* WelcomePage.swift */; };
		CE03A8322C4CBD7B00BB5BEE /* AssetsConstants.swift in Sources */ = {isa = PBXBuildFile; fileRef = CE03A8312C4CBD7B00BB5BEE /* AssetsConstants.swift */; };
		CE03A8352C4CCEB200BB5BEE /* ButtonView.swift in Sources */ = {isa = PBXBuildFile; fileRef = CE03A8342C4CCEB200BB5BEE /* ButtonView.swift */; };
		CE859BD32C4D2E48005D73B6 /* Colors.swift in Sources */ = {isa = PBXBuildFile; fileRef = CE859BD22C4D2E48005D73B6 /* Colors.swift */; };
		CE9F08DF2C45383400594EC2 /* AppDelegate.swift in Sources */ = {isa = PBXBuildFile; fileRef = CE9F08DE2C45383400594EC2 /* AppDelegate.swift */; };
		CE9F08E12C45383400594EC2 /* SceneDelegate.swift in Sources */ = {isa = PBXBuildFile; fileRef = CE9F08E02C45383400594EC2 /* SceneDelegate.swift */; };
		CE9F08E32C45383400594EC2 /* ViewController.swift in Sources */ = {isa = PBXBuildFile; fileRef = CE9F08E22C45383400594EC2 /* ViewController.swift */; };
		CE9F08E62C45383400594EC2 /* Main.storyboard in Resources */ = {isa = PBXBuildFile; fileRef = CE9F08E42C45383400594EC2 /* Main.storyboard */; };
		CE9F08E82C45383900594EC2 /* Assets.xcassets in Resources */ = {isa = PBXBuildFile; fileRef = CE9F08E72C45383900594EC2 /* Assets.xcassets */; };
		CE9F08EB2C45383900594EC2 /* LaunchScreen.storyboard in Resources */ = {isa = PBXBuildFile; fileRef = CE9F08E92C45383900594EC2 /* LaunchScreen.storyboard */; };
		CED6E9572C4E1DCD002EC6C1 /* HomePage.swift in Sources */ = {isa = PBXBuildFile; fileRef = CED6E9562C4E1DCD002EC6C1 /* HomePage.swift */; };
		CED6E95F2C4E7E10002EC6C1 /* TextField.swift in Sources */ = {isa = PBXBuildFile; fileRef = CED6E95E2C4E7E10002EC6C1 /* TextField.swift */; };
/* End PBXBuildFile section */

/* Begin PBXFileReference section */
		CE03A82E2C4CB5F200BB5BEE /* WelcomePage.swift */ = {isa = PBXFileReference; lastKnownFileType = sourcecode.swift; path = WelcomePage.swift; sourceTree = "<group>"; };
		CE03A8312C4CBD7B00BB5BEE /* AssetsConstants.swift */ = {isa = PBXFileReference; lastKnownFileType = sourcecode.swift; path = AssetsConstants.swift; sourceTree = "<group>"; };
		CE03A8342C4CCEB200BB5BEE /* ButtonView.swift */ = {isa = PBXFileReference; lastKnownFileType = sourcecode.swift; path = ButtonView.swift; sourceTree = "<group>"; };
		CE859BD22C4D2E48005D73B6 /* Colors.swift */ = {isa = PBXFileReference; lastKnownFileType = sourcecode.swift; path = Colors.swift; sourceTree = "<group>"; };
		CE9F08DB2C45383400594EC2 /* stylishstudio.app */ = {isa = PBXFileReference; explicitFileType = wrapper.application; includeInIndex = 0; path = stylishstudio.app; sourceTree = BUILT_PRODUCTS_DIR; };
		CE9F08DE2C45383400594EC2 /* AppDelegate.swift */ = {isa = PBXFileReference; lastKnownFileType = sourcecode.swift; path = AppDelegate.swift; sourceTree = "<group>"; };
		CE9F08E02C45383400594EC2 /* SceneDelegate.swift */ = {isa = PBXFileReference; lastKnownFileType = sourcecode.swift; path = SceneDelegate.swift; sourceTree = "<group>"; };
		CE9F08E22C45383400594EC2 /* ViewController.swift */ = {isa = PBXFileReference; lastKnownFileType = sourcecode.swift; path = ViewController.swift; sourceTree = "<group>"; };
		CE9F08E52C45383400594EC2 /* Base */ = {isa = PBXFileReference; lastKnownFileType = file.storyboard; name = Base; path = Base.lproj/Main.storyboard; sourceTree = "<group>"; };
		CE9F08E72C45383900594EC2 /* Assets.xcassets */ = {isa = PBXFileReference; lastKnownFileType = folder.assetcatalog; path = Assets.xcassets; sourceTree = "<group>"; };
		CE9F08EA2C45383900594EC2 /* Base */ = {isa = PBXFileReference; lastKnownFileType = file.storyboard; name = Base; path = Base.lproj/LaunchScreen.storyboard; sourceTree = "<group>"; };
		CE9F08EC2C45383900594EC2 /* Info.plist */ = {isa = PBXFileReference; lastKnownFileType = text.plist.xml; path = Info.plist; sourceTree = "<group>"; };
		CED6E9562C4E1DCD002EC6C1 /* HomePage.swift */ = {isa = PBXFileReference; lastKnownFileType = sourcecode.swift; path = HomePage.swift; sourceTree = "<group>"; };
		CED6E95E2C4E7E10002EC6C1 /* TextField.swift */ = {isa = PBXFileReference; lastKnownFileType = sourcecode.swift; path = TextField.swift; sourceTree = "<group>"; };
/* End PBXFileReference section */

/* Begin PBXFrameworksBuildPhase section */
		CE9F08D82C45383400594EC2 /* Frameworks */ = {
			isa = PBXFrameworksBuildPhase;
			buildActionMask = 2147483647;
			files = (
			);
			runOnlyForDeploymentPostprocessing = 0;
		};
/* End PBXFrameworksBuildPhase section */

/* Begin PBXGroup section */
		CE03A82B2C4CB55000BB5BEE /* application */ = {
			isa = PBXGroup;
			children = (
				CE9F08DE2C45383400594EC2 /* AppDelegate.swift */,
				CE9F08E02C45383400594EC2 /* SceneDelegate.swift */,
			);
			path = application;
			sourceTree = "<group>";
		};
		CE03A82C2C4CB56400BB5BEE /* presentation */ = {
			isa = PBXGroup;
			children = (
				CED6E95D2C4E7D87002EC6C1 /* component */,
				CED6E95B2C4E7D58002EC6C1 /* pages */,
			);
			path = presentation;
			sourceTree = "<group>";
		};
		CE03A82D2C4CB5BE00BB5BEE /* welcome_page */ = {
			isa = PBXGroup;
			children = (
				CE03A82E2C4CB5F200BB5BEE /* WelcomePage.swift */,
			);
			path = welcome_page;
			sourceTree = "<group>";
		};
		CE03A8302C4CBD6300BB5BEE /* utils */ = {
			isa = PBXGroup;
			children = (
				CE03A8312C4CBD7B00BB5BEE /* AssetsConstants.swift */,
				CE859BD22C4D2E48005D73B6 /* Colors.swift */,
			);
			path = utils;
			sourceTree = "<group>";
		};
		CE03A8332C4CCE7A00BB5BEE /* components */ = {
			isa = PBXGroup;
			children = (
				CE03A8342C4CCEB200BB5BEE /* ButtonView.swift */,
			);
			path = components;
			sourceTree = "<group>";
		};
		CE859BD02C4D2E17005D73B6 /* core */ = {
			isa = PBXGroup;
			children = (
				CE859BD12C4D2E27005D73B6 /* theme */,
			);
			path = core;
			sourceTree = "<group>";
		};
		CE859BD12C4D2E27005D73B6 /* theme */ = {
			isa = PBXGroup;
			children = (
			);
			path = theme;
			sourceTree = "<group>";
		};
		CE9F08D22C45383400594EC2 = {
			isa = PBXGroup;
			children = (
				CE9F08DD2C45383400594EC2 /* stylishstudio */,
				CE9F08DC2C45383400594EC2 /* Products */,
			);
			sourceTree = "<group>";
		};
		CE9F08DC2C45383400594EC2 /* Products */ = {
			isa = PBXGroup;
			children = (
				CE9F08DB2C45383400594EC2 /* stylishstudio.app */,
			);
			name = Products;
			sourceTree = "<group>";
		};
		CE9F08DD2C45383400594EC2 /* stylishstudio */ = {
			isa = PBXGroup;
			children = (
				CE859BD02C4D2E17005D73B6 /* core */,
				CE03A8302C4CBD6300BB5BEE /* utils */,
				CE03A82C2C4CB56400BB5BEE /* presentation */,
				CE03A82B2C4CB55000BB5BEE /* application */,
				CE9F08E22C45383400594EC2 /* ViewController.swift */,
				CE9F08E42C45383400594EC2 /* Main.storyboard */,
				CE9F08E72C45383900594EC2 /* Assets.xcassets */,
				CE9F08E92C45383900594EC2 /* LaunchScreen.storyboard */,
				CE9F08EC2C45383900594EC2 /* Info.plist */,
			);
			path = stylishstudio;
			sourceTree = "<group>";
		};
		CED6E9552C4E1DAC002EC6C1 /* home_page */ = {
			isa = PBXGroup;
			children = (
				CED6E9582C4E1E6B002EC6C1 /* component */,
				CED6E9562C4E1DCD002EC6C1 /* HomePage.swift */,
			);
			path = home_page;
			sourceTree = "<group>";
		};
		CED6E9582C4E1E6B002EC6C1 /* component */ = {
			isa = PBXGroup;
			children = (
			);
			path = component;
			sourceTree = "<group>";
		};
		CED6E95B2C4E7D58002EC6C1 /* pages */ = {
			isa = PBXGroup;
			children = (
				CED6E9552C4E1DAC002EC6C1 /* home_page */,
				CE03A8332C4CCE7A00BB5BEE /* components */,
				CE03A82D2C4CB5BE00BB5BEE /* welcome_page */,
			);
			path = pages;
			sourceTree = "<group>";
		};
		CED6E95D2C4E7D87002EC6C1 /* component */ = {
			isa = PBXGroup;
			children = (
				CED6E95E2C4E7E10002EC6C1 /* TextField.swift */,
			);
			path = component;
			sourceTree = "<group>";
		};
/* End PBXGroup section */

/* Begin PBXNativeTarget section */
		CE9F08DA2C45383400594EC2 /* stylishstudio */ = {
			isa = PBXNativeTarget;
			buildConfigurationList = CE9F08EF2C45383900594EC2 /* Build configuration list for PBXNativeTarget "stylishstudio" */;
			buildPhases = (
				CE9F08D72C45383400594EC2 /* Sources */,
				CE9F08D82C45383400594EC2 /* Frameworks */,
				CE9F08D92C45383400594EC2 /* Resources */,
			);
			buildRules = (
			);
			dependencies = (
			);
			name = stylishstudio;
			productName = stylishstudio;
			productReference = CE9F08DB2C45383400594EC2 /* stylishstudio.app */;
			productType = "com.apple.product-type.application";
		};
/* End PBXNativeTarget section */

/* Begin PBXProject section */
		CE9F08D32C45383400594EC2 /* Project object */ = {
			isa = PBXProject;
			attributes = {
				BuildIndependentTargetsInParallel = 1;
				LastSwiftUpdateCheck = 1520;
				LastUpgradeCheck = 1520;
				TargetAttributes = {
					CE9F08DA2C45383400594EC2 = {
						CreatedOnToolsVersion = 15.2;
					};
				};
			};
			buildConfigurationList = CE9F08D62C45383400594EC2 /* Build configuration list for PBXProject "stylishstudio" */;
			compatibilityVersion = "Xcode 14.0";
			developmentRegion = en;
			hasScannedForEncodings = 0;
			knownRegions = (
				en,
				Base,
			);
			mainGroup = CE9F08D22C45383400594EC2;
			productRefGroup = CE9F08DC2C45383400594EC2 /* Products */;
			projectDirPath = "";
			projectRoot = "";
			targets = (
				CE9F08DA2C45383400594EC2 /* stylishstudio */,
			);
		};
/* End PBXProject section */

/* Begin PBXResourcesBuildPhase section */
		CE9F08D92C45383400594EC2 /* Resources */ = {
			isa = PBXResourcesBuildPhase;
			buildActionMask = 2147483647;
			files = (
				CE9F08EB2C45383900594EC2 /* LaunchScreen.storyboard in Resources */,
				CE9F08E82C45383900594EC2 /* Assets.xcassets in Resources */,
				CE9F08E62C45383400594EC2 /* Main.storyboard in Resources */,
			);
			runOnlyForDeploymentPostprocessing = 0;
		};
/* End PBXResourcesBuildPhase section */

/* Begin PBXSourcesBuildPhase section */
		CE9F08D72C45383400594EC2 /* Sources */ = {
			isa = PBXSourcesBuildPhase;
			buildActionMask = 2147483647;
			files = (
				CE9F08E32C45383400594EC2 /* ViewController.swift in Sources */,
				CE03A82F2C4CB5F200BB5BEE /* WelcomePage.swift in Sources */,
				CE03A8352C4CCEB200BB5BEE /* ButtonView.swift in Sources */,
				CE859BD32C4D2E48005D73B6 /* Colors.swift in Sources */,
				CED6E9572C4E1DCD002EC6C1 /* HomePage.swift in Sources */,
				CE9F08DF2C45383400594EC2 /* AppDelegate.swift in Sources */,
				CED6E95F2C4E7E10002EC6C1 /* TextField.swift in Sources */,
				CE03A8322C4CBD7B00BB5BEE /* AssetsConstants.swift in Sources */,
				CE9F08E12C45383400594EC2 /* SceneDelegate.swift in Sources */,
			);
			runOnlyForDeploymentPostprocessing = 0;
		};
/* End PBXSourcesBuildPhase section */

/* Begin PBXVariantGroup section */
		CE9F08E42C45383400594EC2 /* Main.storyboard */ = {
			isa = PBXVariantGroup;
			children = (
				CE9F08E52C45383400594EC2 /* Base */,
			);
			name = Main.storyboard;
			sourceTree = "<group>";
		};
		CE9F08E92C45383900594EC2 /* LaunchScreen.storyboard */ = {
			isa = PBXVariantGroup;
			children = (
				CE9F08EA2C45383900594EC2 /* Base */,
			);
			name = LaunchScreen.storyboard;
			sourceTree = "<group>";
		};
/* End PBXVariantGroup section */

/* Begin XCBuildConfiguration section */
		CE9F08ED2C45383900594EC2 /* Debug */ = {
			isa = XCBuildConfiguration;
			buildSettings = {
				ALWAYS_SEARCH_USER_PATHS = NO;
				ASSETCATALOG_COMPILER_GENERATE_SWIFT_ASSET_SYMBOL_EXTENSIONS = YES;
				CLANG_ANALYZER_NONNULL = YES;
				CLANG_ANALYZER_NUMBER_OBJECT_CONVERSION = YES_AGGRESSIVE;
				CLANG_CXX_LANGUAGE_STANDARD = "gnu++20";
				CLANG_ENABLE_MODULES = YES;
				CLANG_ENABLE_OBJC_ARC = YES;
				CLANG_ENABLE_OBJC_WEAK = YES;
				CLANG_WARN_BLOCK_CAPTURE_AUTORELEASING = YES;
				CLANG_WARN_BOOL_CONVERSION = YES;
				CLANG_WARN_COMMA = YES;
				CLANG_WARN_CONSTANT_CONVERSION = YES;
				CLANG_WARN_DEPRECATED_OBJC_IMPLEMENTATIONS = YES;
				CLANG_WARN_DIRECT_OBJC_ISA_USAGE = YES_ERROR;
				CLANG_WARN_DOCUMENTATION_COMMENTS = YES;
				CLANG_WARN_EMPTY_BODY = YES;
				CLANG_WARN_ENUM_CONVERSION = YES;
				CLANG_WARN_INFINITE_RECURSION = YES;
				CLANG_WARN_INT_CONVERSION = YES;
				CLANG_WARN_NON_LITERAL_NULL_CONVERSION = YES;
				CLANG_WARN_OBJC_IMPLICIT_RETAIN_SELF = YES;
				CLANG_WARN_OBJC_LITERAL_CONVERSION = YES;
				CLANG_WARN_OBJC_ROOT_CLASS = YES_ERROR;
				CLANG_WARN_QUOTED_INCLUDE_IN_FRAMEWORK_HEADER = YES;
				CLANG_WARN_RANGE_LOOP_ANALYSIS = YES;
				CLANG_WARN_STRICT_PROTOTYPES = YES;
				CLANG_WARN_SUSPICIOUS_MOVE = YES;
				CLANG_WARN_UNGUARDED_AVAILABILITY = YES_AGGRESSIVE;
				CLANG_WARN_UNREACHABLE_CODE = YES;
				CLANG_WARN__DUPLICATE_METHOD_MATCH = YES;
				COPY_PHASE_STRIP = NO;
				DEBUG_INFORMATION_FORMAT = dwarf;
				ENABLE_STRICT_OBJC_MSGSEND = YES;
				ENABLE_TESTABILITY = YES;
				ENABLE_USER_SCRIPT_SANDBOXING = YES;
				GCC_C_LANGUAGE_STANDARD = gnu17;
				GCC_DYNAMIC_NO_PIC = NO;
				GCC_NO_COMMON_BLOCKS = YES;
				GCC_OPTIMIZATION_LEVEL = 0;
				GCC_PREPROCESSOR_DEFINITIONS = (
					"DEBUG=1",
					"$(inherited)",
				);
				GCC_WARN_64_TO_32_BIT_CONVERSION = YES;
				GCC_WARN_ABOUT_RETURN_TYPE = YES_ERROR;
				GCC_WARN_UNDECLARED_SELECTOR = YES;
				GCC_WARN_UNINITIALIZED_AUTOS = YES_AGGRESSIVE;
				GCC_WARN_UNUSED_FUNCTION = YES;
				GCC_WARN_UNUSED_VARIABLE = YES;
				IPHONEOS_DEPLOYMENT_TARGET = 17.2;
				LOCALIZATION_PREFERS_STRING_CATALOGS = YES;
				MTL_ENABLE_DEBUG_INFO = INCLUDE_SOURCE;
				MTL_FAST_MATH = YES;
				ONLY_ACTIVE_ARCH = YES;
				SDKROOT = iphoneos;
				SWIFT_ACTIVE_COMPILATION_CONDITIONS = "DEBUG $(inherited)";
				SWIFT_OPTIMIZATION_LEVEL = "-Onone";
			};
			name = Debug;
		};
		CE9F08EE2C45383900594EC2 /* Release */ = {
			isa = XCBuildConfiguration;
			buildSettings = {
				ALWAYS_SEARCH_USER_PATHS = NO;
				ASSETCATALOG_COMPILER_GENERATE_SWIFT_ASSET_SYMBOL_EXTENSIONS = YES;
				CLANG_ANALYZER_NONNULL = YES;
				CLANG_ANALYZER_NUMBER_OBJECT_CONVERSION = YES_AGGRESSIVE;
				CLANG_CXX_LANGUAGE_STANDARD = "gnu++20";
				CLANG_ENABLE_MODULES = YES;
				CLANG_ENABLE_OBJC_ARC = YES;
				CLANG_ENABLE_OBJC_WEAK = YES;
				CLANG_WARN_BLOCK_CAPTURE_AUTORELEASING = YES;
				CLANG_WARN_BOOL_CONVERSION = YES;
				CLANG_WARN_COMMA = YES;
				CLANG_WARN_CONSTANT_CONVERSION = YES;
				CLANG_WARN_DEPRECATED_OBJC_IMPLEMENTATIONS = YES;
				CLANG_WARN_DIRECT_OBJC_ISA_USAGE = YES_ERROR;
				CLANG_WARN_DOCUMENTATION_COMMENTS = YES;
				CLANG_WARN_EMPTY_BODY = YES;
				CLANG_WARN_ENUM_CONVERSION = YES;
				CLANG_WARN_INFINITE_RECURSION = YES;
				CLANG_WARN_INT_CONVERSION = YES;
				CLANG_WARN_NON_LITERAL_NULL_CONVERSION = YES;
				CLANG_WARN_OBJC_IMPLICIT_RETAIN_SELF = YES;
				CLANG_WARN_OBJC_LITERAL_CONVERSION = YES;
				CLANG_WARN_OBJC_ROOT_CLASS = YES_ERROR;
				CLANG_WARN_QUOTED_INCLUDE_IN_FRAMEWORK_HEADER = YES;
				CLANG_WARN_RANGE_LOOP_ANALYSIS = YES;
				CLANG_WARN_STRICT_PROTOTYPES = YES;
				CLANG_WARN_SUSPICIOUS_MOVE = YES;
				CLANG_WARN_UNGUARDED_AVAILABILITY = YES_AGGRESSIVE;
				CLANG_WARN_UNREACHABLE_CODE = YES;
				CLANG_WARN__DUPLICATE_METHOD_MATCH = YES;
				COPY_PHASE_STRIP = NO;
				DEBUG_INFORMATION_FORMAT = "dwarf-with-dsym";
				ENABLE_NS_ASSERTIONS = NO;
				ENABLE_STRICT_OBJC_MSGSEND = YES;
				ENABLE_USER_SCRIPT_SANDBOXING = YES;
				GCC_C_LANGUAGE_STANDARD = gnu17;
				GCC_NO_COMMON_BLOCKS = YES;
				GCC_WARN_64_TO_32_BIT_CONVERSION = YES;
				GCC_WARN_ABOUT_RETURN_TYPE = YES_ERROR;
				GCC_WARN_UNDECLARED_SELECTOR = YES;
				GCC_WARN_UNINITIALIZED_AUTOS = YES_AGGRESSIVE;
				GCC_WARN_UNUSED_FUNCTION = YES;
				GCC_WARN_UNUSED_VARIABLE = YES;
				IPHONEOS_DEPLOYMENT_TARGET = 17.2;
				LOCALIZATION_PREFERS_STRING_CATALOGS = YES;
				MTL_ENABLE_DEBUG_INFO = NO;
				MTL_FAST_MATH = YES;
				SDKROOT = iphoneos;
				SWIFT_COMPILATION_MODE = wholemodule;
				VALIDATE_PRODUCT = YES;
			};
			name = Release;
		};
		CE9F08F02C45383900594EC2 /* Debug */ = {
			isa = XCBuildConfiguration;
			buildSettings = {
				ASSETCATALOG_COMPILER_APPICON_NAME = AppIcon;
				ASSETCATALOG_COMPILER_GLOBAL_ACCENT_COLOR_NAME = AccentColor;
				CODE_SIGN_STYLE = Automatic;
				CURRENT_PROJECT_VERSION = 1;
				GENERATE_INFOPLIST_FILE = YES;
				INFOPLIST_FILE = stylishstudio/Info.plist;
				INFOPLIST_KEY_UIApplicationSupportsIndirectInputEvents = YES;
				INFOPLIST_KEY_UILaunchStoryboardName = LaunchScreen;
				INFOPLIST_KEY_UIMainStoryboardFile = Main;
				INFOPLIST_KEY_UISupportedInterfaceOrientations_iPad = "UIInterfaceOrientationPortrait UIInterfaceOrientationPortraitUpsideDown UIInterfaceOrientationLandscapeLeft UIInterfaceOrientationLandscapeRight";
				INFOPLIST_KEY_UISupportedInterfaceOrientations_iPhone = "UIInterfaceOrientationPortrait UIInterfaceOrientationLandscapeLeft UIInterfaceOrientationLandscapeRight";
				LD_RUNPATH_SEARCH_PATHS = (
					"$(inherited)",
					"@executable_path/Frameworks",
				);
				MARKETING_VERSION = 1.0;
				PRODUCT_BUNDLE_IDENTIFIER = com.arjun.stylishstudio;
				PRODUCT_NAME = "$(TARGET_NAME)";
				SWIFT_EMIT_LOC_STRINGS = YES;
				SWIFT_VERSION = 5.0;
				TARGETED_DEVICE_FAMILY = "1,2";
			};
			name = Debug;
		};
		CE9F08F12C45383900594EC2 /* Release */ = {
			isa = XCBuildConfiguration;
			buildSettings = {
				ASSETCATALOG_COMPILER_APPICON_NAME = AppIcon;
				ASSETCATALOG_COMPILER_GLOBAL_ACCENT_COLOR_NAME = AccentColor;
				CODE_SIGN_STYLE = Automatic;
				CURRENT_PROJECT_VERSION = 1;
				GENERATE_INFOPLIST_FILE = YES;
				INFOPLIST_FILE = stylishstudio/Info.plist;
				INFOPLIST_KEY_UIApplicationSupportsIndirectInputEvents = YES;
				INFOPLIST_KEY_UILaunchStoryboardName = LaunchScreen;
				INFOPLIST_KEY_UIMainStoryboardFile = Main;
				INFOPLIST_KEY_UISupportedInterfaceOrientations_iPad = "UIInterfaceOrientationPortrait UIInterfaceOrientationPortraitUpsideDown UIInterfaceOrientationLandscapeLeft UIInterfaceOrientationLandscapeRight";
				INFOPLIST_KEY_UISupportedInterfaceOrientations_iPhone = "UIInterfaceOrientationPortrait UIInterfaceOrientationLandscapeLeft UIInterfaceOrientationLandscapeRight";
				LD_RUNPATH_SEARCH_PATHS = (
					"$(inherited)",
					"@executable_path/Frameworks",
				);
				MARKETING_VERSION = 1.0;
				PRODUCT_BUNDLE_IDENTIFIER = com.arjun.stylishstudio;
				PRODUCT_NAME = "$(TARGET_NAME)";
				SWIFT_EMIT_LOC_STRINGS = YES;
				SWIFT_VERSION = 5.0;
				TARGETED_DEVICE_FAMILY = "1,2";
			};
			name = Release;
		};
/* End XCBuildConfiguration section */

/* Begin XCConfigurationList section */
		CE9F08D62C45383400594EC2 /* Build configuration list for PBXProject "stylishstudio" */ = {
			isa = XCConfigurationList;
			buildConfigurations = (
				CE9F08ED2C45383900594EC2 /* Debug */,
				CE9F08EE2C45383900594EC2 /* Release */,
			);
			defaultConfigurationIsVisible = 0;
			defaultConfigurationName = Release;
		};
		CE9F08EF2C45383900594EC2 /* Build configuration list for PBXNativeTarget "stylishstudio" */ = {
			isa = XCConfigurationList;
			buildConfigurations = (
				CE9F08F02C45383900594EC2 /* Debug */,
				CE9F08F12C45383900594EC2 /* Release */,
			);
			defaultConfigurationIsVisible = 0;
			defaultConfigurationName = Release;
		};
/* End XCConfigurationList section */
	};
	rootObject = CE9F08D32C45383400594EC2 /* Project object */;
}
